
Microsoft Visual Studio Solution File, Format Version 12.00
# Visual Studio Version 17
VisualStudioVersion = 17.14.36623.8
MinimumVisualStudioVersion = 10.0.40219.1
Project("{FAE04EC0-301F-11D3-BF4B-00C04F79EFBC}") = "PlatformService", "PlatformService.csproj", "{C9CE471B-5531-4F6C-B9A5-70B82E143D21}"
EndProject
Project("{FAE04EC0-301F-11D3-BF4B-00C04F79EFBC}") = "CommandsService", "..\CommandsService\CommandsService.csproj", "{A80DE141-1A05-4833-968C-9CC8DCF53AE3}"
EndProject
Global
	GlobalSection(SolutionConfigurationPlatforms) = preSolution
		Debug|Any CPU = Debug|Any CPU
		Release|Any CPU = Release|Any CPU
	EndGlobalSection
	GlobalSection(ProjectConfigurationPlatforms) = postSolution
		{C9CE471B-5531-4F6C-B9A5-70B82E143D21}.Debug|Any CPU.ActiveCfg = Debug|Any CPU
		{C9CE471B-5531-4F6C-B9A5-70B82E143D21}.Debug|Any CPU.Build.0 = Debug|Any CPU
		{C9CE471B-5531-4F6C-B9A5-70B82E143D21}.Release|Any CPU.ActiveCfg = Release|Any CPU
		{C9CE471B-5531-4F6C-B9A5-70B82E143D21}.Release|Any CPU.Build.0 = Release|Any CPU
		{A80DE141-1A05-4833-968C-9CC8DCF53AE3}.Debug|Any CPU.ActiveCfg = Debug|Any CPU
		{A80DE141-1A05-4833-968C-9CC8DCF53AE3}.Debug|Any CPU.Build.0 = Debug|Any CPU
		{A80DE141-1A05-4833-968C-9CC8DCF53AE3}.Release|Any CPU.ActiveCfg = Release|Any CPU
		{A80DE141-1A05-4833-968C-9CC8DCF53AE3}.Release|Any CPU.Build.0 = Release|Any CPU
	EndGlobalSection
	GlobalSection(SolutionProperties) = preSolution
		HideSolutionNode = FALSE
	EndGlobalSection
	GlobalSection(ExtensibilityGlobals) = postSolution
		SolutionGuid = {A5C5EFCD-7585-4521-BC47-0D4FFC034243}
	EndGlobalSection
EndGlobal
